
Microsoft Visual Studio Solution File, Format Version 12.00
# Visual Studio Version 16
VisualStudioVersion = 16.0.31424.327
MinimumVisualStudioVersion = 10.0.40219.1
Project("{FAE04EC0-301F-11D3-BF4B-00C04F79EFBC}") = "SatisfactoryItemCalculator", "SatisfactoryItemCalculator\SatisfactoryItemCalculator.csproj", "{23BAF5E7-5BE5-4881-8B24-1542F9DC39EE}"
EndProject
Project("{FAE04EC0-301F-11D3-BF4B-00C04F79EFBC}") = "SatisfactoryCodeBehind", "SatisfactoryCodeBehind\SatisfactoryCodeBehind.csproj", "{B94B4197-13EE-4F21-ABF8-F6972391CFC1}"
EndProject
Global
	GlobalSection(SolutionConfigurationPlatforms) = preSolution
		Debug|Any CPU = Debug|Any CPU
		Release|Any CPU = Release|Any CPU
	EndGlobalSection
	GlobalSection(ProjectConfigurationPlatforms) = postSolution
		{23BAF5E7-5BE5-4881-8B24-1542F9DC39EE}.Debug|Any CPU.ActiveCfg = Debug|Any CPU
		{23BAF5E7-5BE5-4881-8B24-1542F9DC39EE}.Debug|Any CPU.Build.0 = Debug|Any CPU
		{23BAF5E7-5BE5-4881-8B24-1542F9DC39EE}.Release|Any CPU.ActiveCfg = Release|Any CPU
		{23BAF5E7-5BE5-4881-8B24-1542F9DC39EE}.Release|Any CPU.Build.0 = Release|Any CPU
		{B94B4197-13EE-4F21-ABF8-F6972391CFC1}.Debug|Any CPU.ActiveCfg = Debug|Any CPU
		{B94B4197-13EE-4F21-ABF8-F6972391CFC1}.Debug|Any CPU.Build.0 = Debug|Any CPU
		{B94B4197-13EE-4F21-ABF8-F6972391CFC1}.Release|Any CPU.ActiveCfg = Release|Any CPU
		{B94B4197-13EE-4F21-ABF8-F6972391CFC1}.Release|Any CPU.Build.0 = Release|Any CPU
	EndGlobalSection
	GlobalSection(SolutionProperties) = preSolution
		HideSolutionNode = FALSE
	EndGlobalSection
	GlobalSection(ExtensibilityGlobals) = postSolution
		SolutionGuid = {834E367A-C2BC-40FC-8E63-A33A9F5007F2}
	EndGlobalSection
EndGlobal
